
Microsoft Visual Studio Solution File, Format Version 12.00
# Visual Studio Version 16
VisualStudioVersion = 16.0.29306.81
MinimumVisualStudioVersion = 10.0.40219.1
Project("{FAE04EC0-301F-11D3-BF4B-00C04F79EFBC}") = "oe_selectie_03.wpf", "oe_selectie_03.wpf\oe_selectie_03.wpf.csproj", "{FAEB906F-C4A0-4444-8033-6F677F53516A}"
EndProject
Global
	GlobalSection(SolutionConfigurationPlatforms) = preSolution
		Debug|Any CPU = Debug|Any CPU
		Release|Any CPU = Release|Any CPU
	EndGlobalSection
	GlobalSection(ProjectConfigurationPlatforms) = postSolution
		{FAEB906F-C4A0-4444-8033-6F677F53516A}.Debug|Any CPU.ActiveCfg = Debug|Any CPU
		{FAEB906F-C4A0-4444-8033-6F677F53516A}.Debug|Any CPU.Build.0 = Debug|Any CPU
		{FAEB906F-C4A0-4444-8033-6F677F53516A}.Release|Any CPU.ActiveCfg = Release|Any CPU
		{FAEB906F-C4A0-4444-8033-6F677F53516A}.Release|Any CPU.Build.0 = Release|Any CPU
	EndGlobalSection
	GlobalSection(SolutionProperties) = preSolution
		HideSolutionNode = FALSE
	EndGlobalSection
	GlobalSection(ExtensibilityGlobals) = postSolution
		SolutionGuid = {673F64A9-42CB-47C0-AE0E-BE51739400F7}
	EndGlobalSection
EndGlobal
